
Microsoft Visual Studio Solution File, Format Version 12.00
# Visual Studio 14
VisualStudioVersion = 14.0.25123.0
MinimumVisualStudioVersion = 10.0.40219.1
Project("{FAE04EC0-301F-11D3-BF4B-00C04F79EFBC}") = "JobScheduler.Core", "JobScheduler.Core\JobScheduler.Core.csproj", "{54A65BE7-E322-4B5E-8E7C-081C6CD08CB2}"
EndProject
Project("{FAE04EC0-301F-11D3-BF4B-00C04F79EFBC}") = "JobScheduler.Data", "JobScheduler.Data\JobScheduler.Data.csproj", "{2D726033-911C-421E-9B3A-1F09326C2085}"
EndProject
Project("{FAE04EC0-301F-11D3-BF4B-00C04F79EFBC}") = "JobScheduler.Service", "JobScheduler.Service\JobScheduler.Service.csproj", "{D861EA65-0821-4EB4-85E3-42624D6B06AF}"
EndProject
Project("{FAE04EC0-301F-11D3-BF4B-00C04F79EFBC}") = "JobScheduler.Test", "JobScheduler.Test\JobScheduler.Test.csproj", "{85CE3202-14E0-4AC3-9F93-0B940919C504}"
EndProject
Global
	GlobalSection(SolutionConfigurationPlatforms) = preSolution
		Debug|Any CPU = Debug|Any CPU
		Release|Any CPU = Release|Any CPU
	EndGlobalSection
	GlobalSection(ProjectConfigurationPlatforms) = postSolution
		{54A65BE7-E322-4B5E-8E7C-081C6CD08CB2}.Debug|Any CPU.ActiveCfg = Debug|Any CPU
		{54A65BE7-E322-4B5E-8E7C-081C6CD08CB2}.Debug|Any CPU.Build.0 = Debug|Any CPU
		{54A65BE7-E322-4B5E-8E7C-081C6CD08CB2}.Release|Any CPU.ActiveCfg = Release|Any CPU
		{54A65BE7-E322-4B5E-8E7C-081C6CD08CB2}.Release|Any CPU.Build.0 = Release|Any CPU
		{2D726033-911C-421E-9B3A-1F09326C2085}.Debug|Any CPU.ActiveCfg = Debug|Any CPU
		{2D726033-911C-421E-9B3A-1F09326C2085}.Debug|Any CPU.Build.0 = Debug|Any CPU
		{2D726033-911C-421E-9B3A-1F09326C2085}.Release|Any CPU.ActiveCfg = Release|Any CPU
		{2D726033-911C-421E-9B3A-1F09326C2085}.Release|Any CPU.Build.0 = Release|Any CPU
		{D861EA65-0821-4EB4-85E3-42624D6B06AF}.Debug|Any CPU.ActiveCfg = Debug|Any CPU
		{D861EA65-0821-4EB4-85E3-42624D6B06AF}.Debug|Any CPU.Build.0 = Debug|Any CPU
		{D861EA65-0821-4EB4-85E3-42624D6B06AF}.Release|Any CPU.ActiveCfg = Release|Any CPU
		{D861EA65-0821-4EB4-85E3-42624D6B06AF}.Release|Any CPU.Build.0 = Release|Any CPU
		{85CE3202-14E0-4AC3-9F93-0B940919C504}.Debug|Any CPU.ActiveCfg = Debug|Any CPU
		{85CE3202-14E0-4AC3-9F93-0B940919C504}.Debug|Any CPU.Build.0 = Debug|Any CPU
		{85CE3202-14E0-4AC3-9F93-0B940919C504}.Release|Any CPU.ActiveCfg = Release|Any CPU
		{85CE3202-14E0-4AC3-9F93-0B940919C504}.Release|Any CPU.Build.0 = Release|Any CPU
	EndGlobalSection
	GlobalSection(SolutionProperties) = preSolution
		HideSolutionNode = FALSE
	EndGlobalSection
EndGlobal
